
Microsoft Visual Studio Solution File, Format Version 12.00
# Visual Studio Version 16
VisualStudioVersion = 16.0.34031.81
MinimumVisualStudioVersion = 10.0.40219.1
Project("{FAE04EC0-301F-11D3-BF4B-00C04F79EFBC}") = "WhileBoo.cs", "WhileBoo.cs\WhileBoo.cs.csproj", "{797E177A-4EF1-43DC-9360-A989927A12FA}"
EndProject
Global
	GlobalSection(SolutionConfigurationPlatforms) = preSolution
		Debug|Any CPU = Debug|Any CPU
		Release|Any CPU = Release|Any CPU
	EndGlobalSection
	GlobalSection(ProjectConfigurationPlatforms) = postSolution
		{797E177A-4EF1-43DC-9360-A989927A12FA}.Debug|Any CPU.ActiveCfg = Debug|Any CPU
		{797E177A-4EF1-43DC-9360-A989927A12FA}.Debug|Any CPU.Build.0 = Debug|Any CPU
		{797E177A-4EF1-43DC-9360-A989927A12FA}.Release|Any CPU.ActiveCfg = Release|Any CPU
		{797E177A-4EF1-43DC-9360-A989927A12FA}.Release|Any CPU.Build.0 = Release|Any CPU
	EndGlobalSection
	GlobalSection(SolutionProperties) = preSolution
		HideSolutionNode = FALSE
	EndGlobalSection
	GlobalSection(ExtensibilityGlobals) = postSolution
		SolutionGuid = {736DC276-7F12-47AB-A3B9-F05D4ACE12DB}
	EndGlobalSection
EndGlobal
